
Microsoft Visual Studio Solution File, Format Version 12.00
# Visual Studio 15
VisualStudioVersion = 15.0.28307.168
MinimumVisualStudioVersion = 10.0.40219.1
Project("{FAE04EC0-301F-11D3-BF4B-00C04F79EFBC}") = "WpfApp", "WpfApp\WpfApp.csproj", "{8997DFC0-B9B6-49D4-92C2-B81FD8201466}"
EndProject
Project("{FAE04EC0-301F-11D3-BF4B-00C04F79EFBC}") = "ConsoleApp", "ConsoleApp\ConsoleApp.csproj", "{FCDC1033-D429-448E-B075-80D96528E9BA}"
EndProject
Global
	GlobalSection(SolutionConfigurationPlatforms) = preSolution
		Debug|Any CPU = Debug|Any CPU
		Release|Any CPU = Release|Any CPU
	EndGlobalSection
	GlobalSection(ProjectConfigurationPlatforms) = postSolution
		{8997DFC0-B9B6-49D4-92C2-B81FD8201466}.Debug|Any CPU.ActiveCfg = Debug|Any CPU
		{8997DFC0-B9B6-49D4-92C2-B81FD8201466}.Debug|Any CPU.Build.0 = Debug|Any CPU
		{8997DFC0-B9B6-49D4-92C2-B81FD8201466}.Release|Any CPU.ActiveCfg = Release|Any CPU
		{8997DFC0-B9B6-49D4-92C2-B81FD8201466}.Release|Any CPU.Build.0 = Release|Any CPU
		{FCDC1033-D429-448E-B075-80D96528E9BA}.Debug|Any CPU.ActiveCfg = Debug|Any CPU
		{FCDC1033-D429-448E-B075-80D96528E9BA}.Debug|Any CPU.Build.0 = Debug|Any CPU
		{FCDC1033-D429-448E-B075-80D96528E9BA}.Release|Any CPU.ActiveCfg = Release|Any CPU
		{FCDC1033-D429-448E-B075-80D96528E9BA}.Release|Any CPU.Build.0 = Release|Any CPU
	EndGlobalSection
	GlobalSection(SolutionProperties) = preSolution
		HideSolutionNode = FALSE
	EndGlobalSection
	GlobalSection(ExtensibilityGlobals) = postSolution
		SolutionGuid = {BBD13FF7-6479-4FDE-8639-F5403E859818}
	EndGlobalSection
EndGlobal
